
Microsoft Visual Studio Solution File, Format Version 12.00
# Visual Studio Version 16
VisualStudioVersion = 16.0.31829.152
MinimumVisualStudioVersion = 10.0.40219.1
Project("{FAE04EC0-301F-11D3-BF4B-00C04F79EFBC}") = "MVC_Attribute_For_Validation", "MVC_Attribute_For_Validation\MVC_Attribute_For_Validation.csproj", "{6AADBF3F-07E1-409A-ACBF-920DAC9E316F}"
EndProject
Global
	GlobalSection(SolutionConfigurationPlatforms) = preSolution
		Debug|Any CPU = Debug|Any CPU
		Release|Any CPU = Release|Any CPU
	EndGlobalSection
	GlobalSection(ProjectConfigurationPlatforms) = postSolution
		{6AADBF3F-07E1-409A-ACBF-920DAC9E316F}.Debug|Any CPU.ActiveCfg = Debug|Any CPU
		{6AADBF3F-07E1-409A-ACBF-920DAC9E316F}.Debug|Any CPU.Build.0 = Debug|Any CPU
		{6AADBF3F-07E1-409A-ACBF-920DAC9E316F}.Release|Any CPU.ActiveCfg = Release|Any CPU
		{6AADBF3F-07E1-409A-ACBF-920DAC9E316F}.Release|Any CPU.Build.0 = Release|Any CPU
	EndGlobalSection
	GlobalSection(SolutionProperties) = preSolution
		HideSolutionNode = FALSE
	EndGlobalSection
	GlobalSection(ExtensibilityGlobals) = postSolution
		SolutionGuid = {D60253FC-8783-4A5C-854F-0D30C4C384B4}
	EndGlobalSection
EndGlobal
