
Microsoft Visual Studio Solution File, Format Version 12.00
# Visual Studio Version 16
VisualStudioVersion = 16.0.31829.152
MinimumVisualStudioVersion = 10.0.40219.1
Project("{FAE04EC0-301F-11D3-BF4B-00C04F79EFBC}") = "Dynamic_Partial_Views1", "Dynamic_Partial_Views1\Dynamic_Partial_Views1.csproj", "{38872237-CA5F-43E7-A501-8C3558136FFF}"
EndProject
Global
	GlobalSection(SolutionConfigurationPlatforms) = preSolution
		Debug|Any CPU = Debug|Any CPU
		Release|Any CPU = Release|Any CPU
	EndGlobalSection
	GlobalSection(ProjectConfigurationPlatforms) = postSolution
		{38872237-CA5F-43E7-A501-8C3558136FFF}.Debug|Any CPU.ActiveCfg = Debug|Any CPU
		{38872237-CA5F-43E7-A501-8C3558136FFF}.Debug|Any CPU.Build.0 = Debug|Any CPU
		{38872237-CA5F-43E7-A501-8C3558136FFF}.Release|Any CPU.ActiveCfg = Release|Any CPU
		{38872237-CA5F-43E7-A501-8C3558136FFF}.Release|Any CPU.Build.0 = Release|Any CPU
	EndGlobalSection
	GlobalSection(SolutionProperties) = preSolution
		HideSolutionNode = FALSE
	EndGlobalSection
	GlobalSection(ExtensibilityGlobals) = postSolution
		SolutionGuid = {3D5C36A9-664E-4243-92C0-FEF96E135903}
	EndGlobalSection
EndGlobal
