
Microsoft Visual Studio Solution File, Format Version 12.00
# Visual Studio Version 16
VisualStudioVersion = 16.0.31829.152
MinimumVisualStudioVersion = 10.0.40219.1
Project("{FAE04EC0-301F-11D3-BF4B-00C04F79EFBC}") = "MVC_Example", "MVC_Example\MVC_Example.csproj", "{B69FF318-AA29-435D-A0D3-22BB08BC4A4B}"
EndProject
Global
	GlobalSection(SolutionConfigurationPlatforms) = preSolution
		Debug|Any CPU = Debug|Any CPU
		Release|Any CPU = Release|Any CPU
	EndGlobalSection
	GlobalSection(ProjectConfigurationPlatforms) = postSolution
		{B69FF318-AA29-435D-A0D3-22BB08BC4A4B}.Debug|Any CPU.ActiveCfg = Debug|Any CPU
		{B69FF318-AA29-435D-A0D3-22BB08BC4A4B}.Debug|Any CPU.Build.0 = Debug|Any CPU
		{B69FF318-AA29-435D-A0D3-22BB08BC4A4B}.Release|Any CPU.ActiveCfg = Release|Any CPU
		{B69FF318-AA29-435D-A0D3-22BB08BC4A4B}.Release|Any CPU.Build.0 = Release|Any CPU
	EndGlobalSection
	GlobalSection(SolutionProperties) = preSolution
		HideSolutionNode = FALSE
	EndGlobalSection
	GlobalSection(ExtensibilityGlobals) = postSolution
		SolutionGuid = {677D5B36-C956-4421-99C9-0C03ECDDF109}
	EndGlobalSection
EndGlobal
