
Microsoft Visual Studio Solution File, Format Version 12.00
# Visual Studio Version 16
VisualStudioVersion = 16.0.31829.152
MinimumVisualStudioVersion = 10.0.40219.1
Project("{FAE04EC0-301F-11D3-BF4B-00C04F79EFBC}") = "WebApI_Example", "WebApI_Example\WebApI_Example.csproj", "{1EF7EFF6-22BD-4CCE-B87E-87E6E5C07308}"
EndProject
Global
	GlobalSection(SolutionConfigurationPlatforms) = preSolution
		Debug|Any CPU = Debug|Any CPU
		Release|Any CPU = Release|Any CPU
	EndGlobalSection
	GlobalSection(ProjectConfigurationPlatforms) = postSolution
		{1EF7EFF6-22BD-4CCE-B87E-87E6E5C07308}.Debug|Any CPU.ActiveCfg = Debug|Any CPU
		{1EF7EFF6-22BD-4CCE-B87E-87E6E5C07308}.Debug|Any CPU.Build.0 = Debug|Any CPU
		{1EF7EFF6-22BD-4CCE-B87E-87E6E5C07308}.Release|Any CPU.ActiveCfg = Release|Any CPU
		{1EF7EFF6-22BD-4CCE-B87E-87E6E5C07308}.Release|Any CPU.Build.0 = Release|Any CPU
	EndGlobalSection
	GlobalSection(SolutionProperties) = preSolution
		HideSolutionNode = FALSE
	EndGlobalSection
	GlobalSection(ExtensibilityGlobals) = postSolution
		SolutionGuid = {82AEE26E-E394-4A97-9E66-88DE7CD0B089}
	EndGlobalSection
EndGlobal
