
Microsoft Visual Studio Solution File, Format Version 12.00
# Visual Studio Version 16
VisualStudioVersion = 16.0.31829.152
MinimumVisualStudioVersion = 10.0.40219.1
Project("{FAE04EC0-301F-11D3-BF4B-00C04F79EFBC}") = "Project_Desing_Website", "Project_Desing_Website\Project_Desing_Website.csproj", "{E3021873-1C60-44C0-A09C-3CB66AA7D676}"
EndProject
Global
	GlobalSection(SolutionConfigurationPlatforms) = preSolution
		Debug|Any CPU = Debug|Any CPU
		Release|Any CPU = Release|Any CPU
	EndGlobalSection
	GlobalSection(ProjectConfigurationPlatforms) = postSolution
		{E3021873-1C60-44C0-A09C-3CB66AA7D676}.Debug|Any CPU.ActiveCfg = Debug|Any CPU
		{E3021873-1C60-44C0-A09C-3CB66AA7D676}.Debug|Any CPU.Build.0 = Debug|Any CPU
		{E3021873-1C60-44C0-A09C-3CB66AA7D676}.Release|Any CPU.ActiveCfg = Release|Any CPU
		{E3021873-1C60-44C0-A09C-3CB66AA7D676}.Release|Any CPU.Build.0 = Release|Any CPU
	EndGlobalSection
	GlobalSection(SolutionProperties) = preSolution
		HideSolutionNode = FALSE
	EndGlobalSection
	GlobalSection(ExtensibilityGlobals) = postSolution
		SolutionGuid = {5E5E0DD1-B5AB-433B-B0E2-999EDF9A6BB3}
	EndGlobalSection
EndGlobal
