
Microsoft Visual Studio Solution File, Format Version 12.00
# Visual Studio Version 16
VisualStudioVersion = 16.0.31829.152
MinimumVisualStudioVersion = 10.0.40219.1
Project("{FAE04EC0-301F-11D3-BF4B-00C04F79EFBC}") = "CodeFirst_MVC", "CodeFirst_MVC\CodeFirst_MVC.csproj", "{517EED0F-5FDC-4711-B5E0-03848790012A}"
EndProject
Global
	GlobalSection(SolutionConfigurationPlatforms) = preSolution
		Debug|Any CPU = Debug|Any CPU
		Release|Any CPU = Release|Any CPU
	EndGlobalSection
	GlobalSection(ProjectConfigurationPlatforms) = postSolution
		{517EED0F-5FDC-4711-B5E0-03848790012A}.Debug|Any CPU.ActiveCfg = Debug|Any CPU
		{517EED0F-5FDC-4711-B5E0-03848790012A}.Debug|Any CPU.Build.0 = Debug|Any CPU
		{517EED0F-5FDC-4711-B5E0-03848790012A}.Release|Any CPU.ActiveCfg = Release|Any CPU
		{517EED0F-5FDC-4711-B5E0-03848790012A}.Release|Any CPU.Build.0 = Release|Any CPU
	EndGlobalSection
	GlobalSection(SolutionProperties) = preSolution
		HideSolutionNode = FALSE
	EndGlobalSection
	GlobalSection(ExtensibilityGlobals) = postSolution
		SolutionGuid = {CD55EAFC-BC1E-438B-B99D-E393CF153AA8}
	EndGlobalSection
EndGlobal
